
Microsoft Visual Studio Solution File, Format Version 12.00
# Visual Studio Version 17
VisualStudioVersion = 17.10.34928.147
MinimumVisualStudioVersion = 10.0.40219.1
Project("{FAE04EC0-301F-11D3-BF4B-00C04F79EFBC}") = "BiggerCellars", "BiggerCellars\BiggerCellars\BiggerCellars.csproj", "{5FAE6833-EA4F-4B49-B6FF-3A54CB5BB0C4}"
EndProject
Project("{FAE04EC0-301F-11D3-BF4B-00C04F79EFBC}") = "CakeBuild", "BiggerCellars\CakeBuild\CakeBuild.csproj", "{EE935397-8CEA-4E55-91D9-9DB1D1F4ACF1}"
EndProject
Global
	GlobalSection(SolutionConfigurationPlatforms) = preSolution
		Debug|Any CPU = Debug|Any CPU
		Release|Any CPU = Release|Any CPU
	EndGlobalSection
	GlobalSection(ProjectConfigurationPlatforms) = postSolution
		{5FAE6833-EA4F-4B49-B6FF-3A54CB5BB0C4}.Debug|Any CPU.ActiveCfg = Debug|Any CPU
		{5FAE6833-EA4F-4B49-B6FF-3A54CB5BB0C4}.Debug|Any CPU.Build.0 = Debug|Any CPU
		{5FAE6833-EA4F-4B49-B6FF-3A54CB5BB0C4}.Release|Any CPU.ActiveCfg = Release|Any CPU
		{5FAE6833-EA4F-4B49-B6FF-3A54CB5BB0C4}.Release|Any CPU.Build.0 = Release|Any CPU
		{EE935397-8CEA-4E55-91D9-9DB1D1F4ACF1}.Debug|Any CPU.ActiveCfg = Debug|Any CPU
		{EE935397-8CEA-4E55-91D9-9DB1D1F4ACF1}.Debug|Any CPU.Build.0 = Debug|Any CPU
		{EE935397-8CEA-4E55-91D9-9DB1D1F4ACF1}.Release|Any CPU.ActiveCfg = Release|Any CPU
		{EE935397-8CEA-4E55-91D9-9DB1D1F4ACF1}.Release|Any CPU.Build.0 = Release|Any CPU
	EndGlobalSection
	GlobalSection(SolutionProperties) = preSolution
		HideSolutionNode = FALSE
	EndGlobalSection
	GlobalSection(ExtensibilityGlobals) = postSolution
		SolutionGuid = {0326A73C-4894-4129-A093-5E60C6EC3BFD}
	EndGlobalSection
EndGlobal
